{
  "name": "@repomix/memory-benchmarks",
  "version": "1.0.0",
  "lockfileVersion": 3,
  "requires": true,
  "packages": {
    "": {
      "name": "@repomix/memory-benchmarks",
      "version": "1.0.0",
      "dependencies": {
        "@types/asciichart": "^1.5.8",
        "asciichart": "^1.5.25",
        "repomix": "file:../.."
      },
      "devDependencies": {
        "@types/node": "^22.16.5",
        "typescript": "^5.3.0"
      },
      "engines": {
        "node": ">=18.0.0"
      }
    },
    "../..": {
      "version": "1.4.1",
      "license": "MIT",
      "dependencies": {
        "@clack/prompts": "^0.10.1",
        "@modelcontextprotocol/sdk": "^1.15.0",
        "@secretlint/core": "^9.3.1",
        "@secretlint/secretlint-rule-preset-recommend": "^9.3.1",
        "clipboardy": "^4.0.0",
        "commander": "^14.0.0",
        "fast-xml-parser": "^5.2.0",
        "fflate": "^0.8.2",
        "git-url-parse": "^16.1.0",
        "globby": "^14.1.0",
        "handlebars": "^4.7.8",
        "iconv-lite": "^0.6.3",
        "istextorbinary": "^9.5.0",
        "jschardet": "^3.1.4",
        "json5": "^2.2.3",
        "log-update": "^6.1.0",
        "minimatch": "^10.0.1",
        "picocolors": "^1.1.1",
        "strip-comments": "^2.0.1",
        "tiktoken": "^1.0.20",
        "tinypool": "^1.1.1",
        "tree-sitter-wasms": "^0.1.12",
        "web-tree-sitter": "^0.24.7",
        "zod": "^3.24.3"
      },
      "bin": {
        "repomix": "bin/repomix.cjs"
      },
      "devDependencies": {
        "@biomejs/biome": "^1.9.4",
        "@secretlint/types": "^9.3.4",
        "@types/node": "^22.14.1",
        "@types/strip-comments": "^2.0.4",
        "@typescript/native-preview": "^7.0.0-dev.20250824.1",
        "@vitest/coverage-v8": "^3.1.1",
        "git-up": "^8.1.1",
        "oxlint": "^1.12.0",
        "rimraf": "^6.0.1",
        "secretlint": "^9.3.1",
        "tsx": "^4.19.4",
        "typescript": "^5.8.3",
        "vite": "^5.4.18",
        "vitest": "^3.1.1"
      },
      "engines": {
        "node": ">=20.0.0",
        "yarn": ">=1.22.22"
      }
    },
    "node_modules/@types/asciichart": {
      "version": "1.5.8",
      "resolved": "https://registry.npmjs.org/@types/asciichart/-/asciichart-1.5.8.tgz",
      "integrity": "sha512-8yzgCUybv8/yUfj4WeTh7G+V+AxU7AzwsF2CrkTtARKHdrxE/EiByF2efUMj6qdm87tENucNu6pLs22RWU0H7g==",
      "license": "MIT"
    },
    "node_modules/@types/node": {
      "version": "22.17.2",
      "resolved": "https://registry.npmjs.org/@types/node/-/node-22.17.2.tgz",
      "integrity": "sha512-gL6z5N9Jm9mhY+U2KXZpteb+09zyffliRkZyZOHODGATyC5B1Jt/7TzuuiLkFsSUMLbS1OLmlj/E+/3KF4Q/4w==",
      "dev": true,
      "license": "MIT",
      "dependencies": {
        "undici-types": "~6.21.0"
      }
    },
    "node_modules/asciichart": {
      "version": "1.5.25",
      "resolved": "https://registry.npmjs.org/asciichart/-/asciichart-1.5.25.tgz",
      "integrity": "sha512-PNxzXIPPOtWq8T7bgzBtk9cI2lgS4SJZthUHEiQ1aoIc3lNzGfUvIvo9LiAnq26TACo9t1/4qP6KTGAUbzX9Xg==",
      "license": "MIT"
    },
    "node_modules/repomix": {
      "resolved": "../..",
      "link": true
    },
    "node_modules/typescript": {
      "version": "5.9.2",
      "resolved": "https://registry.npmjs.org/typescript/-/typescript-5.9.2.tgz",
      "integrity": "sha512-CWBzXQrc/qOkhidw1OzBTQuYRbfyxDXJMVJ1XNwUHGROVmuaeiEm3OslpZ1RV96d7SKKjZKrSJu3+t/xlw3R9A==",
      "dev": true,
      "license": "Apache-2.0",
      "bin": {
        "tsc": "bin/tsc",
        "tsserver": "bin/tsserver"
      },
      "engines": {
        "node": ">=14.17"
      }
    },
    "node_modules/undici-types": {
      "version": "6.21.0",
      "resolved": "https://registry.npmjs.org/undici-types/-/undici-types-6.21.0.tgz",
      "integrity": "sha512-iwDZqg0QAGrg9Rav5H4n0M64c3mkR59cJ6wQp+7C4nI0gsmExaedaYLNO44eT4AtBBwjbTiGPMlt2Md0T9H9JQ==",
      "dev": true,
      "license": "MIT"
    }
  }
}
